
Microsoft Visual Studio Solution File, Format Version 12.00
# Visual Studio Version 16
VisualStudioVersion = 16.0.31605.320
MinimumVisualStudioVersion = 10.0.40219.1
Project("{FAE04EC0-301F-11D3-BF4B-00C04F79EFBC}") = "TR_Cine", "TR_Cine\TR_Cine.csproj", "{2D4D24F5-684A-478B-A2F5-206808B77D62}"
EndProject
Project("{FAE04EC0-301F-11D3-BF4B-00C04F79EFBC}") = "Capa_Datos", "Capa_Datos\Capa_Datos.csproj", "{A3A77052-590D-48A2-AB41-50A48AE1F358}"
EndProject
Project("{FAE04EC0-301F-11D3-BF4B-00C04F79EFBC}") = "Capa_Negocios", "Capa_Negocios\Capa_Negocios.csproj", "{568B8239-91FD-43BD-83F6-A52FD14CFC4F}"
EndProject
Global
	GlobalSection(SolutionConfigurationPlatforms) = preSolution
		Debug|Any CPU = Debug|Any CPU
		Release|Any CPU = Release|Any CPU
	EndGlobalSection
	GlobalSection(ProjectConfigurationPlatforms) = postSolution
		{2D4D24F5-684A-478B-A2F5-206808B77D62}.Debug|Any CPU.ActiveCfg = Debug|Any CPU
		{2D4D24F5-684A-478B-A2F5-206808B77D62}.Debug|Any CPU.Build.0 = Debug|Any CPU
		{2D4D24F5-684A-478B-A2F5-206808B77D62}.Release|Any CPU.ActiveCfg = Release|Any CPU
		{2D4D24F5-684A-478B-A2F5-206808B77D62}.Release|Any CPU.Build.0 = Release|Any CPU
		{A3A77052-590D-48A2-AB41-50A48AE1F358}.Debug|Any CPU.ActiveCfg = Debug|Any CPU
		{A3A77052-590D-48A2-AB41-50A48AE1F358}.Debug|Any CPU.Build.0 = Debug|Any CPU
		{A3A77052-590D-48A2-AB41-50A48AE1F358}.Release|Any CPU.ActiveCfg = Release|Any CPU
		{A3A77052-590D-48A2-AB41-50A48AE1F358}.Release|Any CPU.Build.0 = Release|Any CPU
		{568B8239-91FD-43BD-83F6-A52FD14CFC4F}.Debug|Any CPU.ActiveCfg = Debug|Any CPU
		{568B8239-91FD-43BD-83F6-A52FD14CFC4F}.Debug|Any CPU.Build.0 = Debug|Any CPU
		{568B8239-91FD-43BD-83F6-A52FD14CFC4F}.Release|Any CPU.ActiveCfg = Release|Any CPU
		{568B8239-91FD-43BD-83F6-A52FD14CFC4F}.Release|Any CPU.Build.0 = Release|Any CPU
	EndGlobalSection
	GlobalSection(SolutionProperties) = preSolution
		HideSolutionNode = FALSE
	EndGlobalSection
	GlobalSection(ExtensibilityGlobals) = postSolution
		SolutionGuid = {010A58A3-41B7-444D-A3DE-BABF16A87DAF}
	EndGlobalSection
EndGlobal
